
Microsoft Visual Studio Solution File, Format Version 12.00
# Visual Studio Version 17
VisualStudioVersion = 17.0.31903.59
MinimumVisualStudioVersion = 10.0.40219.1
Project("{2150E333-8FDC-42A3-9474-1A3956D46DE8}") = "src", "src", "{827E0CD3-B72D-47B6-A68D-7590B98EB39B}"
EndProject
Project("{FAE04EC0-301F-11D3-BF4B-00C04F79EFBC}") = "Korp.Stock.Domain", "src\Korp.Stock.Domain\Korp.Stock.Domain.csproj", "{CFD12799-BAE7-4610-8179-AE53080C0B95}"
EndProject
Project("{FAE04EC0-301F-11D3-BF4B-00C04F79EFBC}") = "Korp.Stock.Application", "src\Korp.Stock.Application\Korp.Stock.Application.csproj", "{770E81DA-DDAF-4545-83F6-93D44B98AE39}"
EndProject
Project("{FAE04EC0-301F-11D3-BF4B-00C04F79EFBC}") = "Korp.Stock.Infrastructure", "src\Korp.Stock.Infrastructure\Korp.Stock.Infrastructure.csproj", "{5E1421B2-7330-4040-BC39-26A9F5B7D144}"
EndProject
Project("{FAE04EC0-301F-11D3-BF4B-00C04F79EFBC}") = "Korp.Stock.Api", "src\Korp.Stock.Api\Korp.Stock.Api.csproj", "{E1CE6257-5F2C-4735-8F31-1EFBEB459FE2}"
EndProject
Project("{2150E333-8FDC-42A3-9474-1A3956D46DE8}") = "tests", "tests", "{0AB3BF05-4346-4AA6-1389-037BE0695223}"
EndProject
Project("{FAE04EC0-301F-11D3-BF4B-00C04F79EFBC}") = "Korp.Stock.UnitTests", "tests\Korp.Stock.UnitTests\Korp.Stock.UnitTests.csproj", "{2F389752-4162-41C6-98DB-3770717CD032}"
EndProject
Global
	GlobalSection(SolutionConfigurationPlatforms) = preSolution
		Debug|Any CPU = Debug|Any CPU
		Debug|x64 = Debug|x64
		Debug|x86 = Debug|x86
		Release|Any CPU = Release|Any CPU
		Release|x64 = Release|x64
		Release|x86 = Release|x86
	EndGlobalSection
	GlobalSection(ProjectConfigurationPlatforms) = postSolution
		{CFD12799-BAE7-4610-8179-AE53080C0B95}.Debug|Any CPU.ActiveCfg = Debug|Any CPU
		{CFD12799-BAE7-4610-8179-AE53080C0B95}.Debug|Any CPU.Build.0 = Debug|Any CPU
		{CFD12799-BAE7-4610-8179-AE53080C0B95}.Debug|x64.ActiveCfg = Debug|Any CPU
		{CFD12799-BAE7-4610-8179-AE53080C0B95}.Debug|x64.Build.0 = Debug|Any CPU
		{CFD12799-BAE7-4610-8179-AE53080C0B95}.Debug|x86.ActiveCfg = Debug|Any CPU
		{CFD12799-BAE7-4610-8179-AE53080C0B95}.Debug|x86.Build.0 = Debug|Any CPU
		{CFD12799-BAE7-4610-8179-AE53080C0B95}.Release|Any CPU.ActiveCfg = Release|Any CPU
		{CFD12799-BAE7-4610-8179-AE53080C0B95}.Release|Any CPU.Build.0 = Release|Any CPU
		{CFD12799-BAE7-4610-8179-AE53080C0B95}.Release|x64.ActiveCfg = Release|Any CPU
		{CFD12799-BAE7-4610-8179-AE53080C0B95}.Release|x64.Build.0 = Release|Any CPU
		{CFD12799-BAE7-4610-8179-AE53080C0B95}.Release|x86.ActiveCfg = Release|Any CPU
		{CFD12799-BAE7-4610-8179-AE53080C0B95}.Release|x86.Build.0 = Release|Any CPU
		{770E81DA-DDAF-4545-83F6-93D44B98AE39}.Debug|Any CPU.ActiveCfg = Debug|Any CPU
		{770E81DA-DDAF-4545-83F6-93D44B98AE39}.Debug|Any CPU.Build.0 = Debug|Any CPU
		{770E81DA-DDAF-4545-83F6-93D44B98AE39}.Debug|x64.ActiveCfg = Debug|Any CPU
		{770E81DA-DDAF-4545-83F6-93D44B98AE39}.Debug|x64.Build.0 = Debug|Any CPU
		{770E81DA-DDAF-4545-83F6-93D44B98AE39}.Debug|x86.ActiveCfg = Debug|Any CPU
		{770E81DA-DDAF-4545-83F6-93D44B98AE39}.Debug|x86.Build.0 = Debug|Any CPU
		{770E81DA-DDAF-4545-83F6-93D44B98AE39}.Release|Any CPU.ActiveCfg = Release|Any CPU
		{770E81DA-DDAF-4545-83F6-93D44B98AE39}.Release|Any CPU.Build.0 = Release|Any CPU
		{770E81DA-DDAF-4545-83F6-93D44B98AE39}.Release|x64.ActiveCfg = Release|Any CPU
		{770E81DA-DDAF-4545-83F6-93D44B98AE39}.Release|x64.Build.0 = Release|Any CPU
		{770E81DA-DDAF-4545-83F6-93D44B98AE39}.Release|x86.ActiveCfg = Release|Any CPU
		{770E81DA-DDAF-4545-83F6-93D44B98AE39}.Release|x86.Build.0 = Release|Any CPU
		{5E1421B2-7330-4040-BC39-26A9F5B7D144}.Debug|Any CPU.ActiveCfg = Debug|Any CPU
		{5E1421B2-7330-4040-BC39-26A9F5B7D144}.Debug|Any CPU.Build.0 = Debug|Any CPU
		{5E1421B2-7330-4040-BC39-26A9F5B7D144}.Debug|x64.ActiveCfg = Debug|Any CPU
		{5E1421B2-7330-4040-BC39-26A9F5B7D144}.Debug|x64.Build.0 = Debug|Any CPU
		{5E1421B2-7330-4040-BC39-26A9F5B7D144}.Debug|x86.ActiveCfg = Debug|Any CPU
		{5E1421B2-7330-4040-BC39-26A9F5B7D144}.Debug|x86.Build.0 = Debug|Any CPU
		{5E1421B2-7330-4040-BC39-26A9F5B7D144}.Release|Any CPU.ActiveCfg = Release|Any CPU
		{5E1421B2-7330-4040-BC39-26A9F5B7D144}.Release|Any CPU.Build.0 = Release|Any CPU
		{5E1421B2-7330-4040-BC39-26A9F5B7D144}.Release|x64.ActiveCfg = Release|Any CPU
		{5E1421B2-7330-4040-BC39-26A9F5B7D144}.Release|x64.Build.0 = Release|Any CPU
		{5E1421B2-7330-4040-BC39-26A9F5B7D144}.Release|x86.ActiveCfg = Release|Any CPU
		{5E1421B2-7330-4040-BC39-26A9F5B7D144}.Release|x86.Build.0 = Release|Any CPU
		{E1CE6257-5F2C-4735-8F31-1EFBEB459FE2}.Debug|Any CPU.ActiveCfg = Debug|Any CPU
		{E1CE6257-5F2C-4735-8F31-1EFBEB459FE2}.Debug|Any CPU.Build.0 = Debug|Any CPU
		{E1CE6257-5F2C-4735-8F31-1EFBEB459FE2}.Debug|x64.ActiveCfg = Debug|Any CPU
		{E1CE6257-5F2C-4735-8F31-1EFBEB459FE2}.Debug|x64.Build.0 = Debug|Any CPU
		{E1CE6257-5F2C-4735-8F31-1EFBEB459FE2}.Debug|x86.ActiveCfg = Debug|Any CPU
		{E1CE6257-5F2C-4735-8F31-1EFBEB459FE2}.Debug|x86.Build.0 = Debug|Any CPU
		{E1CE6257-5F2C-4735-8F31-1EFBEB459FE2}.Release|Any CPU.ActiveCfg = Release|Any CPU
		{E1CE6257-5F2C-4735-8F31-1EFBEB459FE2}.Release|Any CPU.Build.0 = Release|Any CPU
		{E1CE6257-5F2C-4735-8F31-1EFBEB459FE2}.Release|x64.ActiveCfg = Release|Any CPU
		{E1CE6257-5F2C-4735-8F31-1EFBEB459FE2}.Release|x64.Build.0 = Release|Any CPU
		{E1CE6257-5F2C-4735-8F31-1EFBEB459FE2}.Release|x86.ActiveCfg = Release|Any CPU
		{E1CE6257-5F2C-4735-8F31-1EFBEB459FE2}.Release|x86.Build.0 = Release|Any CPU
		{2F389752-4162-41C6-98DB-3770717CD032}.Debug|Any CPU.ActiveCfg = Debug|Any CPU
		{2F389752-4162-41C6-98DB-3770717CD032}.Debug|Any CPU.Build.0 = Debug|Any CPU
		{2F389752-4162-41C6-98DB-3770717CD032}.Debug|x64.ActiveCfg = Debug|Any CPU
		{2F389752-4162-41C6-98DB-3770717CD032}.Debug|x64.Build.0 = Debug|Any CPU
		{2F389752-4162-41C6-98DB-3770717CD032}.Debug|x86.ActiveCfg = Debug|Any CPU
		{2F389752-4162-41C6-98DB-3770717CD032}.Debug|x86.Build.0 = Debug|Any CPU
		{2F389752-4162-41C6-98DB-3770717CD032}.Release|Any CPU.ActiveCfg = Release|Any CPU
		{2F389752-4162-41C6-98DB-3770717CD032}.Release|Any CPU.Build.0 = Release|Any CPU
		{2F389752-4162-41C6-98DB-3770717CD032}.Release|x64.ActiveCfg = Release|Any CPU
		{2F389752-4162-41C6-98DB-3770717CD032}.Release|x64.Build.0 = Release|Any CPU
		{2F389752-4162-41C6-98DB-3770717CD032}.Release|x86.ActiveCfg = Release|Any CPU
		{2F389752-4162-41C6-98DB-3770717CD032}.Release|x86.Build.0 = Release|Any CPU
	EndGlobalSection
	GlobalSection(SolutionProperties) = preSolution
		HideSolutionNode = FALSE
	EndGlobalSection
	GlobalSection(NestedProjects) = preSolution
		{CFD12799-BAE7-4610-8179-AE53080C0B95} = {827E0CD3-B72D-47B6-A68D-7590B98EB39B}
		{770E81DA-DDAF-4545-83F6-93D44B98AE39} = {827E0CD3-B72D-47B6-A68D-7590B98EB39B}
		{5E1421B2-7330-4040-BC39-26A9F5B7D144} = {827E0CD3-B72D-47B6-A68D-7590B98EB39B}
		{E1CE6257-5F2C-4735-8F31-1EFBEB459FE2} = {827E0CD3-B72D-47B6-A68D-7590B98EB39B}
		{2F389752-4162-41C6-98DB-3770717CD032} = {0AB3BF05-4346-4AA6-1389-037BE0695223}
	EndGlobalSection
EndGlobal
